Microsoft Visual Studio Solution File, Format Version 12.00
# Visual Studio Version 16
VisualStudioVersion = 16.0.0.0
MinimumVisualStudioVersion = 16.0.0.0
Project("{9A19103F-16F7-4668-BE54-9A1E7A4F7556}") = "frontend-blazor", "frontend-blazor\frontend-blazor.csproj", "{7081554D-D4F4-48CF-B03F-9DF9286398EA}"
EndProject
Project("{9A19103F-16F7-4668-BE54-9A1E7A4F7556}") = "frontend-blazor.Client", "frontend-blazor.Client\frontend-blazor.Client.csproj", "{20AAD718-2417-47DC-A4F5-473D438DC46D}"
EndProject
Global
	GlobalSection(SolutionConfigurationPlatforms) = preSolution
		Debug|Any CPU = Debug|Any CPU
		Debug|x64 = Debug|x64
		Debug|x86 = Debug|x86
		Release|Any CPU = Release|Any CPU
		Release|x64 = Release|x64
		Release|x86 = Release|x86
	EndGlobalSection
	GlobalSection(ProjectConfigurationPlatforms) = postSolution
		{20AAD718-2417-47DC-A4F5-473D438DC46D}.Debug|Any CPU.ActiveCfg = Debug|Any CPU
		{20AAD718-2417-47DC-A4F5-473D438DC46D}.Debug|Any CPU.Build.0 = Debug|Any CPU
		{20AAD718-2417-47DC-A4F5-473D438DC46D}.Debug|x64.ActiveCfg = Debug|Any CPU
		{20AAD718-2417-47DC-A4F5-473D438DC46D}.Debug|x64.Build.0 = Debug|Any CPU
		{20AAD718-2417-47DC-A4F5-473D438DC46D}.Debug|x86.ActiveCfg = Debug|Any CPU
		{20AAD718-2417-47DC-A4F5-473D438DC46D}.Debug|x86.Build.0 = Debug|Any CPU
		{20AAD718-2417-47DC-A4F5-473D438DC46D}.Release|Any CPU.ActiveCfg = Release|Any CPU
		{20AAD718-2417-47DC-A4F5-473D438DC46D}.Release|Any CPU.Build.0 = Release|Any CPU
		{20AAD718-2417-47DC-A4F5-473D438DC46D}.Release|x64.ActiveCfg = Release|Any CPU
		{20AAD718-2417-47DC-A4F5-473D438DC46D}.Release|x64.Build.0 = Release|Any CPU
		{20AAD718-2417-47DC-A4F5-473D438DC46D}.Release|x86.ActiveCfg = Release|Any CPU
		{20AAD718-2417-47DC-A4F5-473D438DC46D}.Release|x86.Build.0 = Release|Any CPU
		{7081554D-D4F4-48CF-B03F-9DF9286398EA}.Debug|Any CPU.ActiveCfg = Debug|Any CPU
		{7081554D-D4F4-48CF-B03F-9DF9286398EA}.Debug|Any CPU.Build.0 = Debug|Any CPU
		{7081554D-D4F4-48CF-B03F-9DF9286398EA}.Debug|x64.ActiveCfg = Debug|Any CPU
		{7081554D-D4F4-48CF-B03F-9DF9286398EA}.Debug|x64.Build.0 = Debug|Any CPU
		{7081554D-D4F4-48CF-B03F-9DF9286398EA}.Debug|x86.ActiveCfg = Debug|Any CPU
		{7081554D-D4F4-48CF-B03F-9DF9286398EA}.Debug|x86.Build.0 = Debug|Any CPU
		{7081554D-D4F4-48CF-B03F-9DF9286398EA}.Release|Any CPU.ActiveCfg = Release|Any CPU
		{7081554D-D4F4-48CF-B03F-9DF9286398EA}.Release|Any CPU.Build.0 = Release|Any CPU
		{7081554D-D4F4-48CF-B03F-9DF9286398EA}.Release|x64.ActiveCfg = Release|Any CPU
		{7081554D-D4F4-48CF-B03F-9DF9286398EA}.Release|x64.Build.0 = Release|Any CPU
		{7081554D-D4F4-48CF-B03F-9DF9286398EA}.Release|x86.ActiveCfg = Release|Any CPU
		{7081554D-D4F4-48CF-B03F-9DF9286398EA}.Release|x86.Build.0 = Release|Any CPU
	EndGlobalSection
	GlobalSection(SolutionProperties) = preSolution
		HideSolutionNode = FALSE
	EndGlobalSection
	GlobalSection(ExtensibilityGlobals) = postSolution
		SolutionGuid = {484078EB-5D95-4C6F-85B4-72E8C6FF42CD}
	EndGlobalSection
EndGlobal
